<?xml version="1.0" encoding="UTF-8" standalone="yes" ?>
<CodeBlocks_project_file>
	<FileVersion major="1" minor="6" />
	<Project>
		<Option title="Tools Plus Plugin" />
		<Option pch_mode="2" />
		<Option compiler="gcc" />
		<Build>
			<Target title="default">
				<Option output="../../../devel/share/codeblocks/plugins/libToolsPlus.so" prefix_auto="0" extension_auto="0" />
				<Option working_dir="../../../devel" />
				<Option object_output="cbplugin/.objs" />
				<Option type="3" />
				<Option compiler="gcc" />
				<Option parameters="--personality=debug" />
				<Option host_application="../../../devel/codeblocks" />
				<Compiler>
					<Add option="-Wall" />
					<Add option="-g" />
					<Add option="-DCB_AUI" />
				</Compiler>
				<ExtraCommands>
					<Add after="zip -j9 ../../../devel/share/codeblocks/ToolsPlus.zip manifest.xml" />
				</ExtraCommands>
			</Target>
			<Target title="no-aui">
				<Option output="../../../devel/share/codeblocks/plugins/libToolsPlus.so" prefix_auto="0" extension_auto="0" />
				<Option working_dir="../../../devel" />
				<Option object_output="cbplugin/.objs" />
				<Option type="3" />
				<Option compiler="gcc" />
				<Option parameters="--personality=debug" />
				<Option host_application="../../../devel/codeblocks" />
				<Compiler>
					<Add option="-Wall" />
					<Add option="-g" />
				</Compiler>
				<ExtraCommands>
					<Add after="zip -j9 ../../../devel/share/codeblocks/ToolsPlus.zip manifest.xml" />
				</ExtraCommands>
			</Target>
			<Target title="plugin-binary">
				<Option output="plugin/ToolsPlus.so" prefix_auto="0" extension_auto="0" />
				<Option type="3" />
				<Option compiler="gcc" />
				<Option parameters="--personality=debug" />
				<Option host_application="../../../devel/codeblocks" />
				<Option projectLibDirsRelation="1" />
				<Compiler>
					<Add option="-Wall" />
					<Add option="-g" />
					<Add option="-DCB_AUI" />
				</Compiler>
				<Linker>
					<Add directory="/opt/codeblocks-svn/lib" />
				</Linker>
				<ExtraCommands>
					<Add after="zip -j9 plugin/ToolsPlus.zip manifest.xml" />
					<Add after="zip -j9 plugin/ToolsPlus.cbplugin plugin/ToolsPlus.zip plugin/ToolsPlus.so" />
				</ExtraCommands>
			</Target>
		</Build>
		<VirtualTargets>
			<Add alias="All" targets="default;" />
		</VirtualTargets>
		<Compiler>
			<Add option="-Wall" />
			<Add option="-g" />
			<Add option="`wx-config --cflags`" />
			<Add option="-fmessage-length=0" />
			<Add option="-fexceptions" />
			<Add option="-Winvalid-pch" />
			<Add option="-Ulinux" />
			<Add option="-Uunix" />
			<Add option="-fPIC" />
			<Add option="-DcbDEBUG" />
			<Add option="-DCB_PRECOMP" />
			<Add directory="../../../include" />
			<Add directory="../../../include/wxscintilla/include" />
			<Add directory="../../../include/wxFlatNotebook/include" />
		</Compiler>
		<Linker>
			<Add option="`wx-config --libs`" />
			<Add library="codeblocks" />
			<Add directory="../../../devel" />
		</Linker>
		<Unit filename="CmdConfigDialog.cpp">
			<Option target="default" />
			<Option target="se-plugin" />
			<Option target="detachable" />
			<Option target="plugin-binary" />
		</Unit>
		<Unit filename="CmdConfigDialog.h">
			<Option target="default" />
			<Option target="se-plugin" />
			<Option target="detachable" />
			<Option target="plugin-binary" />
		</Unit>
		<Unit filename="PipedProcessCtrl.cpp" />
		<Unit filename="PipedProcessCtrl.h" />
		<Unit filename="ToolsPlus.cpp">
			<Option target="default" />
			<Option target="se-plugin" />
			<Option target="detachable" />
			<Option target="plugin-binary" />
		</Unit>
		<Unit filename="ToolsPlus.h">
			<Option target="default" />
			<Option target="se-plugin" />
			<Option target="detachable" />
			<Option target="plugin-binary" />
		</Unit>
		<Unit filename="Resources/dialogs.fbp" />
		<Unit filename="ShellCtrlBase.cpp" />
		<Unit filename="ShellCtrlBase.h" />
		<Unit filename="manifest.xml" />
		<Unit filename="se_globals.cpp">
			<Option target="default" />
			<Option target="detachable" />
			<Option target="se-plugin" />
			<Option target="plugin-binary" />
		</Unit>
		<Unit filename="se_globals.h">
			<Option target="default" />
			<Option target="detachable" />
			<Option target="se-plugin" />
			<Option target="plugin-binary" />
		</Unit>
		<Unit filename="shellproperties.cpp">
			<Option target="default" />
			<Option target="se-plugin" />
			<Option target="detachable" />
			<Option target="plugin-binary" />
		</Unit>
		<Unit filename="shellproperties.h">
			<Option target="default" />
			<Option target="se-plugin" />
			<Option target="detachable" />
			<Option target="plugin-binary" />
		</Unit>
		<Extensions>
			<code_completion />
			<envvars />
			<wxsmith version="1">
				<gui name="wxWidgets" src="" main="" init_handlers="necessary" language="CPP" />
				<resources>
					<wxPanel wxs="wxsmith/CmdConfigDialog.wxs" src="CmdConfigDialog.cpp" hdr="CmdConfigDialog.h" name="CmdConfigDialog" language="CPP" />
				</resources>
			</wxsmith>
			<debugger />
		</Extensions>
	</Project>
</CodeBlocks_project_file>
